
Microsoft Visual Studio Solution File, Format Version 12.00
# Visual Studio Version 17
VisualStudioVersion = 17.14.36414.22
MinimumVisualStudioVersion = 10.0.40219.1
Project("{FAE04EC0-301F-11D3-BF4B-00C04F79EFBC}") = "MathParser", "MathParser\MathParser.csproj", "{731BA8EC-7F60-4DD9-80E1-2172391A926F}"
EndProject
Project("{FAE04EC0-301F-11D3-BF4B-00C04F79EFBC}") = "ParserPlayground", "ParserPlayground\ParserPlayground.csproj", "{7A5EC2BA-660B-4BC2-AFDA-8212D4391B9F}"
EndProject
Project("{FAE04EC0-301F-11D3-BF4B-00C04F79EFBC}") = "UtilityCS", "Submodules\UtilityCS\UtilityCS\UtilityCS.csproj", "{746112FA-6846-926E-4029-C9244390D513}"
EndProject
Global
	GlobalSection(SolutionConfigurationPlatforms) = preSolution
		Debug|Any CPU = Debug|Any CPU
		Release|Any CPU = Release|Any CPU
	EndGlobalSection
	GlobalSection(ProjectConfigurationPlatforms) = postSolution
		{731BA8EC-7F60-4DD9-80E1-2172391A926F}.Debug|Any CPU.ActiveCfg = Debug|Any CPU
		{731BA8EC-7F60-4DD9-80E1-2172391A926F}.Debug|Any CPU.Build.0 = Debug|Any CPU
		{731BA8EC-7F60-4DD9-80E1-2172391A926F}.Release|Any CPU.ActiveCfg = Release|Any CPU
		{731BA8EC-7F60-4DD9-80E1-2172391A926F}.Release|Any CPU.Build.0 = Release|Any CPU
		{7A5EC2BA-660B-4BC2-AFDA-8212D4391B9F}.Debug|Any CPU.ActiveCfg = Debug|Any CPU
		{7A5EC2BA-660B-4BC2-AFDA-8212D4391B9F}.Debug|Any CPU.Build.0 = Debug|Any CPU
		{7A5EC2BA-660B-4BC2-AFDA-8212D4391B9F}.Release|Any CPU.ActiveCfg = Release|Any CPU
		{7A5EC2BA-660B-4BC2-AFDA-8212D4391B9F}.Release|Any CPU.Build.0 = Release|Any CPU
		{746112FA-6846-926E-4029-C9244390D513}.Debug|Any CPU.ActiveCfg = Debug|Any CPU
		{746112FA-6846-926E-4029-C9244390D513}.Debug|Any CPU.Build.0 = Debug|Any CPU
		{746112FA-6846-926E-4029-C9244390D513}.Release|Any CPU.ActiveCfg = Release|Any CPU
		{746112FA-6846-926E-4029-C9244390D513}.Release|Any CPU.Build.0 = Release|Any CPU
	EndGlobalSection
	GlobalSection(SolutionProperties) = preSolution
		HideSolutionNode = FALSE
	EndGlobalSection
	GlobalSection(ExtensibilityGlobals) = postSolution
		SolutionGuid = {0FD15A73-271D-4A72-A49B-53173BB757E0}
	EndGlobalSection
EndGlobal
